# This file is automatically @generated by Cargo.
# It is not intended for manual editing.
[[package]]
name = "CHALLENGE_01"
version = "0.1.0"
dependencies = [
 "base64",
 "hex",
]

[[package]]
name = "base64"
version = "0.12.2"
source = "registry+https://github.com/rust-lang/crates.io-index"
checksum = "e223af0dc48c96d4f8342ec01a4974f139df863896b316681efd36742f22cc67"

[[package]]
name = "hex"
version = "0.3.2"
source = "registry+https://github.com/rust-lang/crates.io-index"
checksum = "805026a5d0141ffc30abb3be3173848ad46a1b1664fe632428479619a3644d77"
